{
  "originHash" : "50c79587c2bb0145dfc95991319349df406f1483c4b9f44dd85e5e850e5fe383",
  "pins" : [
    {
      "identity" : "idity-ios",
      "kind" : "remoteSourceControl",
      "location" : "https://github.com/beinmobiles/IDity-iOS.git",
      "state" : {
        "revision" : "da8cfe4f5adbef7c4b4dfee8d2e8b639a20a76ae",
        "version" : "1.0.4"
      }
    }
  ],
  "version" : 3
}
